
Microsoft Visual Studio Solution File, Format Version 11.00
# Visual Studio 2010
Project("{FAE04EC0-301F-11D3-BF4B-00C04F79EFBC}") = "AntSerializer", "AntSerializer\AntSerializer.csproj", "{5F87C357-09FB-4F53-BE37-41FE5BD88957}"
EndProject
Global
	GlobalSection(SolutionConfigurationPlatforms) = preSolution
		Debug|Any CPU = Debug|Any CPU
		Release|Any CPU = Release|Any CPU
	EndGlobalSection
	GlobalSection(ProjectConfigurationPlatforms) = postSolution
		{5F87C357-09FB-4F53-BE37-41FE5BD88957}.Debug|Any CPU.ActiveCfg = Debug|Any CPU
		{5F87C357-09FB-4F53-BE37-41FE5BD88957}.Debug|Any CPU.Build.0 = Debug|Any CPU
		{5F87C357-09FB-4F53-BE37-41FE5BD88957}.Release|Any CPU.ActiveCfg = Release|Any CPU
		{5F87C357-09FB-4F53-BE37-41FE5BD88957}.Release|Any CPU.Build.0 = Release|Any CPU
	EndGlobalSection
	GlobalSection(MonoDevelopProperties) = preSolution
		StartupItem = AntSerializer\AntSerializer.csproj
	EndGlobalSection
EndGlobal
